
Microsoft Visual Studio Solution File, Format Version 12.00
# Visual Studio 15
VisualStudioVersion = 15.0.27130.2024
MinimumVisualStudioVersion = 10.0.40219.1
Project("{FAE04EC0-301F-11D3-BF4B-00C04F79EFBC}") = "Hesap_Makinesi", "Hesap_Makinesi\Hesap_Makinesi.csproj", "{8B720F7A-F735-4E84-8B77-26C365C8D304}"
EndProject
Project("{54435603-DBB4-11D2-8724-00A0C9A8B90C}") = "Hesap Makinesi Kurulumu", "Hesap Makinesi Kurulumu\Hesap Makinesi Kurulumu.vdproj", "{8EFFDFC8-0E6F-4BFD-9D56-953F02EF1A8D}"
EndProject
Global
	GlobalSection(SolutionConfigurationPlatforms) = preSolution
		Debug|Any CPU = Debug|Any CPU
		Release|Any CPU = Release|Any CPU
	EndGlobalSection
	GlobalSection(ProjectConfigurationPlatforms) = postSolution
		{8B720F7A-F735-4E84-8B77-26C365C8D304}.Debug|Any CPU.ActiveCfg = Debug|Any CPU
		{8B720F7A-F735-4E84-8B77-26C365C8D304}.Debug|Any CPU.Build.0 = Debug|Any CPU
		{8B720F7A-F735-4E84-8B77-26C365C8D304}.Release|Any CPU.ActiveCfg = Release|Any CPU
		{8B720F7A-F735-4E84-8B77-26C365C8D304}.Release|Any CPU.Build.0 = Release|Any CPU
		{8EFFDFC8-0E6F-4BFD-9D56-953F02EF1A8D}.Debug|Any CPU.ActiveCfg = Debug
		{8EFFDFC8-0E6F-4BFD-9D56-953F02EF1A8D}.Release|Any CPU.ActiveCfg = Release
	EndGlobalSection
	GlobalSection(SolutionProperties) = preSolution
		HideSolutionNode = FALSE
	EndGlobalSection
	GlobalSection(ExtensibilityGlobals) = postSolution
		SolutionGuid = {35F9AC98-F253-4148-ACF1-455494B901D0}
	EndGlobalSection
EndGlobal
